
Microsoft Visual Studio Solution File, Format Version 12.00
# Visual Studio Version 16
VisualStudioVersion = 16.0.31105.61
MinimumVisualStudioVersion = 10.0.40219.1
Project("{FAE04EC0-301F-11D3-BF4B-00C04F79EFBC}") = "JetTraveller_by_GKPLJP", "JetTraveller_by_GKPLJP\JetTraveller_by_GKPLJP.csproj", "{27158FBB-8F6E-45E9-BCCD-1B37137691D4}"
EndProject
Global
	GlobalSection(SolutionConfigurationPlatforms) = preSolution
		Debug|Any CPU = Debug|Any CPU
		Release|Any CPU = Release|Any CPU
	EndGlobalSection
	GlobalSection(ProjectConfigurationPlatforms) = postSolution
		{27158FBB-8F6E-45E9-BCCD-1B37137691D4}.Debug|Any CPU.ActiveCfg = Debug|Any CPU
		{27158FBB-8F6E-45E9-BCCD-1B37137691D4}.Debug|Any CPU.Build.0 = Debug|Any CPU
		{27158FBB-8F6E-45E9-BCCD-1B37137691D4}.Release|Any CPU.ActiveCfg = Release|Any CPU
		{27158FBB-8F6E-45E9-BCCD-1B37137691D4}.Release|Any CPU.Build.0 = Release|Any CPU
	EndGlobalSection
	GlobalSection(SolutionProperties) = preSolution
		HideSolutionNode = FALSE
	EndGlobalSection
	GlobalSection(ExtensibilityGlobals) = postSolution
		SolutionGuid = {54EC1F29-3C41-4EC0-B4A8-AC037EA86BC9}
	EndGlobalSection
EndGlobal
